
Microsoft Visual Studio Solution File, Format Version 12.00
# Visual Studio 2013
VisualStudioVersion = 12.0.31101.0
MinimumVisualStudioVersion = 10.0.40219.1
Project("{FAE04EC0-301F-11D3-BF4B-00C04F79EFBC}") = "EULinksCheckerIEAddIn", "EULinksCheckerIEAddIn.csproj", "{BA46DE94-AD3A-4714-8C1F-9652CD8931B8}"
EndProject
Project("{930C7802-8A8C-48F9-8165-68863BCCD9DD}") = "EULinksCheckerIEAddInMsi", "SetupProject2\EULinksCheckerIEAddInMsi.wixproj", "{214DF9B6-6421-4C6E-A30D-85565C0FE572}"
	ProjectSection(ProjectDependencies) = postProject
		{BA46DE94-AD3A-4714-8C1F-9652CD8931B8} = {BA46DE94-AD3A-4714-8C1F-9652CD8931B8}
	EndProjectSection
EndProject
Project("{930C7802-8A8C-48F9-8165-68863BCCD9DD}") = "EULinksCheckerIEAddInBoostrapperInstaller", "Bootstrapper1\EULinksCheckerIEAddInBoostrapperInstaller.wixproj", "{8EC740B0-D4C9-42B4-B76B-3C618ABBA35A}"
	ProjectSection(ProjectDependencies) = postProject
		{214DF9B6-6421-4C6E-A30D-85565C0FE572} = {214DF9B6-6421-4C6E-A30D-85565C0FE572}
	EndProjectSection
EndProject
Global
	GlobalSection(TeamFoundationVersionControl) = preSolution
		SccNumberOfProjects = 4
		SccEnterpriseProvider = {4CA58AB2-18FA-4F8D-95D4-32DDF27D184C}
		SccTeamFoundationServer = http://192.168.2.16:8080/tfs/apiscollection
		SccLocalPath0 = .
		SccProjectUniqueName1 = Bootstrapper1\\EULinksCheckerIEAddInBoostrapperInstaller.wixproj
		SccProjectName1 = Bootstrapper1
		SccLocalPath1 = Bootstrapper1
		SccProjectUniqueName2 = EULinksCheckerIEAddIn.csproj
		SccLocalPath2 = .
		SccProjectUniqueName3 = SetupProject2\\EULinksCheckerIEAddInMsi.wixproj
		SccProjectName3 = SetupProject2
		SccLocalPath3 = SetupProject2
	EndGlobalSection
	GlobalSection(SolutionConfigurationPlatforms) = preSolution
		CD_ROM|Any CPU = CD_ROM|Any CPU
		CD_ROM|Mixed Platforms = CD_ROM|Mixed Platforms
		CD_ROM|Win32 = CD_ROM|Win32
		CD_ROM|x64 = CD_ROM|x64
		CD_ROM|x86 = CD_ROM|x86
		Debug|Any CPU = Debug|Any CPU
		Debug|Mixed Platforms = Debug|Mixed Platforms
		Debug|Win32 = Debug|Win32
		Debug|x64 = Debug|x64
		Debug|x86 = Debug|x86
		DVD-5|Any CPU = DVD-5|Any CPU
		DVD-5|Mixed Platforms = DVD-5|Mixed Platforms
		DVD-5|Win32 = DVD-5|Win32
		DVD-5|x64 = DVD-5|x64
		DVD-5|x86 = DVD-5|x86
		Release|Any CPU = Release|Any CPU
		Release|Mixed Platforms = Release|Mixed Platforms
		Release|Win32 = Release|Win32
		Release|x64 = Release|x64
		Release|x86 = Release|x86
		SingleImage|Any CPU = SingleImage|Any CPU
		SingleImage|Mixed Platforms = SingleImage|Mixed Platforms
		SingleImage|Win32 = SingleImage|Win32
		SingleImage|x64 = SingleImage|x64
		SingleImage|x86 = SingleImage|x86
	EndGlobalSection
	GlobalSection(ProjectConfigurationPlatforms) = postSolution
		{BA46DE94-AD3A-4714-8C1F-9652CD8931B8}.CD_ROM|Any CPU.ActiveCfg = Release|Any CPU
		{BA46DE94-AD3A-4714-8C1F-9652CD8931B8}.CD_ROM|Any CPU.Build.0 = Release|Any CPU
		{BA46DE94-AD3A-4714-8C1F-9652CD8931B8}.CD_ROM|Mixed Platforms.ActiveCfg = Release|Any CPU
		{BA46DE94-AD3A-4714-8C1F-9652CD8931B8}.CD_ROM|Mixed Platforms.Build.0 = Release|Any CPU
		{BA46DE94-AD3A-4714-8C1F-9652CD8931B8}.CD_ROM|Win32.ActiveCfg = Debug|Any CPU
		{BA46DE94-AD3A-4714-8C1F-9652CD8931B8}.CD_ROM|x64.ActiveCfg = Debug|Any CPU
		{BA46DE94-AD3A-4714-8C1F-9652CD8931B8}.CD_ROM|x86.ActiveCfg = Release|Any CPU
		{BA46DE94-AD3A-4714-8C1F-9652CD8931B8}.Debug|Any CPU.ActiveCfg = Debug|Any CPU
		{BA46DE94-AD3A-4714-8C1F-9652CD8931B8}.Debug|Any CPU.Build.0 = Debug|Any CPU
		{BA46DE94-AD3A-4714-8C1F-9652CD8931B8}.Debug|Mixed Platforms.ActiveCfg = Debug|Any CPU
		{BA46DE94-AD3A-4714-8C1F-9652CD8931B8}.Debug|Mixed Platforms.Build.0 = Debug|Any CPU
		{BA46DE94-AD3A-4714-8C1F-9652CD8931B8}.Debug|Win32.ActiveCfg = Debug|Any CPU
		{BA46DE94-AD3A-4714-8C1F-9652CD8931B8}.Debug|x64.ActiveCfg = Debug|Any CPU
		{BA46DE94-AD3A-4714-8C1F-9652CD8931B8}.Debug|x86.ActiveCfg = Debug|Any CPU
		{BA46DE94-AD3A-4714-8C1F-9652CD8931B8}.DVD-5|Any CPU.ActiveCfg = Debug|Any CPU
		{BA46DE94-AD3A-4714-8C1F-9652CD8931B8}.DVD-5|Any CPU.Build.0 = Debug|Any CPU
		{BA46DE94-AD3A-4714-8C1F-9652CD8931B8}.DVD-5|Mixed Platforms.ActiveCfg = Debug|Any CPU
		{BA46DE94-AD3A-4714-8C1F-9652CD8931B8}.DVD-5|Mixed Platforms.Build.0 = Debug|Any CPU
		{BA46DE94-AD3A-4714-8C1F-9652CD8931B8}.DVD-5|Win32.ActiveCfg = Debug|Any CPU
		{BA46DE94-AD3A-4714-8C1F-9652CD8931B8}.DVD-5|x64.ActiveCfg = Debug|Any CPU
		{BA46DE94-AD3A-4714-8C1F-9652CD8931B8}.DVD-5|x86.ActiveCfg = Debug|Any CPU
		{BA46DE94-AD3A-4714-8C1F-9652CD8931B8}.Release|Any CPU.ActiveCfg = Release|Any CPU
		{BA46DE94-AD3A-4714-8C1F-9652CD8931B8}.Release|Any CPU.Build.0 = Release|Any CPU
		{BA46DE94-AD3A-4714-8C1F-9652CD8931B8}.Release|Mixed Platforms.ActiveCfg = Release|Any CPU
		{BA46DE94-AD3A-4714-8C1F-9652CD8931B8}.Release|Mixed Platforms.Build.0 = Release|Any CPU
		{BA46DE94-AD3A-4714-8C1F-9652CD8931B8}.Release|Win32.ActiveCfg = Release|Any CPU
		{BA46DE94-AD3A-4714-8C1F-9652CD8931B8}.Release|x64.ActiveCfg = Release|Any CPU
		{BA46DE94-AD3A-4714-8C1F-9652CD8931B8}.Release|x86.ActiveCfg = Release|Any CPU
		{BA46DE94-AD3A-4714-8C1F-9652CD8931B8}.SingleImage|Any CPU.ActiveCfg = Release|Any CPU
		{BA46DE94-AD3A-4714-8C1F-9652CD8931B8}.SingleImage|Any CPU.Build.0 = Release|Any CPU
		{BA46DE94-AD3A-4714-8C1F-9652CD8931B8}.SingleImage|Mixed Platforms.ActiveCfg = Release|Any CPU
		{BA46DE94-AD3A-4714-8C1F-9652CD8931B8}.SingleImage|Mixed Platforms.Build.0 = Release|Any CPU
		{BA46DE94-AD3A-4714-8C1F-9652CD8931B8}.SingleImage|Win32.ActiveCfg = Debug|Any CPU
		{BA46DE94-AD3A-4714-8C1F-9652CD8931B8}.SingleImage|x64.ActiveCfg = Debug|Any CPU
		{BA46DE94-AD3A-4714-8C1F-9652CD8931B8}.SingleImage|x86.ActiveCfg = Release|Any CPU
		{214DF9B6-6421-4C6E-A30D-85565C0FE572}.CD_ROM|Any CPU.ActiveCfg = Release|x86
		{214DF9B6-6421-4C6E-A30D-85565C0FE572}.CD_ROM|Mixed Platforms.ActiveCfg = Release|x86
		{214DF9B6-6421-4C6E-A30D-85565C0FE572}.CD_ROM|Mixed Platforms.Build.0 = Release|x86
		{214DF9B6-6421-4C6E-A30D-85565C0FE572}.CD_ROM|Win32.ActiveCfg = Debug|x86
		{214DF9B6-6421-4C6E-A30D-85565C0FE572}.CD_ROM|Win32.Build.0 = Debug|x86
		{214DF9B6-6421-4C6E-A30D-85565C0FE572}.CD_ROM|x64.ActiveCfg = Debug|x86
		{214DF9B6-6421-4C6E-A30D-85565C0FE572}.CD_ROM|x86.ActiveCfg = Release|x86
		{214DF9B6-6421-4C6E-A30D-85565C0FE572}.CD_ROM|x86.Build.0 = Release|x86
		{214DF9B6-6421-4C6E-A30D-85565C0FE572}.Debug|Any CPU.ActiveCfg = Debug|x86
		{214DF9B6-6421-4C6E-A30D-85565C0FE572}.Debug|Mixed Platforms.ActiveCfg = Debug|x86
		{214DF9B6-6421-4C6E-A30D-85565C0FE572}.Debug|Mixed Platforms.Build.0 = Debug|x86
		{214DF9B6-6421-4C6E-A30D-85565C0FE572}.Debug|Win32.ActiveCfg = Debug|x86
		{214DF9B6-6421-4C6E-A30D-85565C0FE572}.Debug|Win32.Build.0 = Debug|x86
		{214DF9B6-6421-4C6E-A30D-85565C0FE572}.Debug|x64.ActiveCfg = Debug|x86
		{214DF9B6-6421-4C6E-A30D-85565C0FE572}.Debug|x86.ActiveCfg = Debug|x86
		{214DF9B6-6421-4C6E-A30D-85565C0FE572}.Debug|x86.Build.0 = Debug|x86
		{214DF9B6-6421-4C6E-A30D-85565C0FE572}.DVD-5|Any CPU.ActiveCfg = Debug|x86
		{214DF9B6-6421-4C6E-A30D-85565C0FE572}.DVD-5|Mixed Platforms.ActiveCfg = Debug|x86
		{214DF9B6-6421-4C6E-A30D-85565C0FE572}.DVD-5|Mixed Platforms.Build.0 = Debug|x86
		{214DF9B6-6421-4C6E-A30D-85565C0FE572}.DVD-5|Win32.ActiveCfg = Debug|x86
		{214DF9B6-6421-4C6E-A30D-85565C0FE572}.DVD-5|Win32.Build.0 = Debug|x86
		{214DF9B6-6421-4C6E-A30D-85565C0FE572}.DVD-5|x64.ActiveCfg = Debug|x86
		{214DF9B6-6421-4C6E-A30D-85565C0FE572}.DVD-5|x86.ActiveCfg = Debug|x86
		{214DF9B6-6421-4C6E-A30D-85565C0FE572}.DVD-5|x86.Build.0 = Debug|x86
		{214DF9B6-6421-4C6E-A30D-85565C0FE572}.Release|Any CPU.ActiveCfg = Release|x86
		{214DF9B6-6421-4C6E-A30D-85565C0FE572}.Release|Mixed Platforms.ActiveCfg = Release|x86
		{214DF9B6-6421-4C6E-A30D-85565C0FE572}.Release|Mixed Platforms.Build.0 = Release|x86
		{214DF9B6-6421-4C6E-A30D-85565C0FE572}.Release|Win32.ActiveCfg = Release|x86
		{214DF9B6-6421-4C6E-A30D-85565C0FE572}.Release|Win32.Build.0 = Release|x86
		{214DF9B6-6421-4C6E-A30D-85565C0FE572}.Release|x64.ActiveCfg = Release|x86
		{214DF9B6-6421-4C6E-A30D-85565C0FE572}.Release|x86.ActiveCfg = Release|x86
		{214DF9B6-6421-4C6E-A30D-85565C0FE572}.Release|x86.Build.0 = Release|x86
		{214DF9B6-6421-4C6E-A30D-85565C0FE572}.SingleImage|Any CPU.ActiveCfg = Release|x86
		{214DF9B6-6421-4C6E-A30D-85565C0FE572}.SingleImage|Mixed Platforms.ActiveCfg = Release|x86
		{214DF9B6-6421-4C6E-A30D-85565C0FE572}.SingleImage|Mixed Platforms.Build.0 = Release|x86
		{214DF9B6-6421-4C6E-A30D-85565C0FE572}.SingleImage|Win32.ActiveCfg = Debug|x86
		{214DF9B6-6421-4C6E-A30D-85565C0FE572}.SingleImage|Win32.Build.0 = Debug|x86
		{214DF9B6-6421-4C6E-A30D-85565C0FE572}.SingleImage|x64.ActiveCfg = Debug|x86
		{214DF9B6-6421-4C6E-A30D-85565C0FE572}.SingleImage|x86.ActiveCfg = Release|x86
		{214DF9B6-6421-4C6E-A30D-85565C0FE572}.SingleImage|x86.Build.0 = Release|x86
		{8EC740B0-D4C9-42B4-B76B-3C618ABBA35A}.CD_ROM|Any CPU.ActiveCfg = Release|x86
		{8EC740B0-D4C9-42B4-B76B-3C618ABBA35A}.CD_ROM|Mixed Platforms.ActiveCfg = Release|x86
		{8EC740B0-D4C9-42B4-B76B-3C618ABBA35A}.CD_ROM|Mixed Platforms.Build.0 = Release|x86
		{8EC740B0-D4C9-42B4-B76B-3C618ABBA35A}.CD_ROM|Win32.ActiveCfg = Debug|x86
		{8EC740B0-D4C9-42B4-B76B-3C618ABBA35A}.CD_ROM|Win32.Build.0 = Debug|x86
		{8EC740B0-D4C9-42B4-B76B-3C618ABBA35A}.CD_ROM|x64.ActiveCfg = Debug|x86
		{8EC740B0-D4C9-42B4-B76B-3C618ABBA35A}.CD_ROM|x86.ActiveCfg = Release|x86
		{8EC740B0-D4C9-42B4-B76B-3C618ABBA35A}.CD_ROM|x86.Build.0 = Release|x86
		{8EC740B0-D4C9-42B4-B76B-3C618ABBA35A}.Debug|Any CPU.ActiveCfg = Debug|x86
		{8EC740B0-D4C9-42B4-B76B-3C618ABBA35A}.Debug|Mixed Platforms.ActiveCfg = Debug|x86
		{8EC740B0-D4C9-42B4-B76B-3C618ABBA35A}.Debug|Mixed Platforms.Build.0 = Debug|x86
		{8EC740B0-D4C9-42B4-B76B-3C618ABBA35A}.Debug|Win32.ActiveCfg = Debug|x86
		{8EC740B0-D4C9-42B4-B76B-3C618ABBA35A}.Debug|Win32.Build.0 = Debug|x86
		{8EC740B0-D4C9-42B4-B76B-3C618ABBA35A}.Debug|x64.ActiveCfg = Debug|x86
		{8EC740B0-D4C9-42B4-B76B-3C618ABBA35A}.Debug|x86.ActiveCfg = Debug|x86
		{8EC740B0-D4C9-42B4-B76B-3C618ABBA35A}.Debug|x86.Build.0 = Debug|x86
		{8EC740B0-D4C9-42B4-B76B-3C618ABBA35A}.DVD-5|Any CPU.ActiveCfg = Debug|x86
		{8EC740B0-D4C9-42B4-B76B-3C618ABBA35A}.DVD-5|Mixed Platforms.ActiveCfg = Debug|x86
		{8EC740B0-D4C9-42B4-B76B-3C618ABBA35A}.DVD-5|Mixed Platforms.Build.0 = Debug|x86
		{8EC740B0-D4C9-42B4-B76B-3C618ABBA35A}.DVD-5|Win32.ActiveCfg = Debug|x86
		{8EC740B0-D4C9-42B4-B76B-3C618ABBA35A}.DVD-5|Win32.Build.0 = Debug|x86
		{8EC740B0-D4C9-42B4-B76B-3C618ABBA35A}.DVD-5|x64.ActiveCfg = Debug|x86
		{8EC740B0-D4C9-42B4-B76B-3C618ABBA35A}.DVD-5|x86.ActiveCfg = Debug|x86
		{8EC740B0-D4C9-42B4-B76B-3C618ABBA35A}.DVD-5|x86.Build.0 = Debug|x86
		{8EC740B0-D4C9-42B4-B76B-3C618ABBA35A}.Release|Any CPU.ActiveCfg = Release|x86
		{8EC740B0-D4C9-42B4-B76B-3C618ABBA35A}.Release|Mixed Platforms.ActiveCfg = Release|x86
		{8EC740B0-D4C9-42B4-B76B-3C618ABBA35A}.Release|Mixed Platforms.Build.0 = Release|x86
		{8EC740B0-D4C9-42B4-B76B-3C618ABBA35A}.Release|Win32.ActiveCfg = Release|x86
		{8EC740B0-D4C9-42B4-B76B-3C618ABBA35A}.Release|Win32.Build.0 = Release|x86
		{8EC740B0-D4C9-42B4-B76B-3C618ABBA35A}.Release|x64.ActiveCfg = Release|x86
		{8EC740B0-D4C9-42B4-B76B-3C618ABBA35A}.Release|x86.ActiveCfg = Release|x86
		{8EC740B0-D4C9-42B4-B76B-3C618ABBA35A}.Release|x86.Build.0 = Release|x86
		{8EC740B0-D4C9-42B4-B76B-3C618ABBA35A}.SingleImage|Any CPU.ActiveCfg = Release|x86
		{8EC740B0-D4C9-42B4-B76B-3C618ABBA35A}.SingleImage|Mixed Platforms.ActiveCfg = Release|x86
		{8EC740B0-D4C9-42B4-B76B-3C618ABBA35A}.SingleImage|Mixed Platforms.Build.0 = Release|x86
		{8EC740B0-D4C9-42B4-B76B-3C618ABBA35A}.SingleImage|Win32.ActiveCfg = Debug|x86
		{8EC740B0-D4C9-42B4-B76B-3C618ABBA35A}.SingleImage|Win32.Build.0 = Debug|x86
		{8EC740B0-D4C9-42B4-B76B-3C618ABBA35A}.SingleImage|x64.ActiveCfg = Debug|x86
		{8EC740B0-D4C9-42B4-B76B-3C618ABBA35A}.SingleImage|x86.ActiveCfg = Release|x86
		{8EC740B0-D4C9-42B4-B76B-3C618ABBA35A}.SingleImage|x86.Build.0 = Release|x86
	EndGlobalSection
	GlobalSection(SolutionProperties) = preSolution
		HideSolutionNode = FALSE
	EndGlobalSection
EndGlobal
